// !$*UTF8*$!
{
	archiveVersion = 1;
	classes = {
	};
	objectVersion = 46;
	objects = {

/* Begin PBXBuildFile section */
		52DEFC3C1E9A942300F058BC /* AppDelegate.swift in Sources */ = {isa = PBXBuildFile; fileRef = 52DEFC3B1E9A942300F058BC /* AppDelegate.swift */; };
		52DEFC3E1E9A942300F058BC /* AddedListViewController.swift in Sources */ = {isa = PBXBuildFile; fileRef = 52DEFC3D1E9A942300F058BC /* AddedListViewController.swift */; };
		52DEFC401E9A942300F058BC /* AddRegistryViewController.swift in Sources */ = {isa = PBXBuildFile; fileRef = 52DEFC3F1E9A942300F058BC /* AddRegistryViewController.swift */; };
		52DEFC431E9A942300F058BC /* Main.storyboard in Resources */ = {isa = PBXBuildFile; fileRef = 52DEFC411E9A942300F058BC /* Main.storyboard */; };
		52DEFC451E9A942300F058BC /* Assets.xcassets in Resources */ = {isa = PBXBuildFile; fileRef = 52DEFC441E9A942300F058BC /* Assets.xcassets */; };
		52DEFC481E9A942300F058BC /* LaunchScreen.storyboard in Resources */ = {isa = PBXBuildFile; fileRef = 52DEFC461E9A942300F058BC /* LaunchScreen.storyboard */; };
		52DEFC561E9AAD0F00F058BC /* RegistryModel.swift in Sources */ = {isa = PBXBuildFile; fileRef = 52DEFC551E9AAD0F00F058BC /* RegistryModel.swift */; };
		52DEFC581E9AAF6C00F058BC /* TimePeriod.swift in Sources */ = {isa = PBXBuildFile; fileRef = 52DEFC571E9AAF6C00F058BC /* TimePeriod.swift */; };
		A9777F4FFF6AF8FFF8D1CED3 /* Pods_Registration.framework in Frameworks */ = {isa = PBXBuildFile; fileRef = B0ABFFDC178958251A40532E /* Pods_Registration.framework */; };
		B8330D9B6ED289DBD725DA5C /* DataService.swift in Sources */ = {isa = PBXBuildFile; fileRef = B83305F5239196AE75757E1D /* DataService.swift */; };
/* End PBXBuildFile section */

/* Begin PBXFileReference section */
		2765634FF44931DB9E881243 /* Pods-Registration.debug.xcconfig */ = {isa = PBXFileReference; includeInIndex = 1; lastKnownFileType = text.xcconfig; name = "Pods-Registration.debug.xcconfig"; path = "Pods/Target Support Files/Pods-Registration/Pods-Registration.debug.xcconfig"; sourceTree = "<group>"; };
		34CAB00F4AD2BECD7F83DBB9 /* Pods-Registration.release.xcconfig */ = {isa = PBXFileReference; includeInIndex = 1; lastKnownFileType = text.xcconfig; name = "Pods-Registration.release.xcconfig"; path = "Pods/Target Support Files/Pods-Registration/Pods-Registration.release.xcconfig"; sourceTree = "<group>"; };
		52DEFC381E9A942300F058BC /* Registration.app */ = {isa = PBXFileReference; explicitFileType = wrapper.application; includeInIndex = 0; path = Registration.app; sourceTree = BUILT_PRODUCTS_DIR; };
		52DEFC3B1E9A942300F058BC /* AppDelegate.swift */ = {isa = PBXFileReference; lastKnownFileType = sourcecode.swift; path = AppDelegate.swift; sourceTree = "<group>"; };
		52DEFC3D1E9A942300F058BC /* AddedListViewController.swift */ = {isa = PBXFileReference; lastKnownFileType = sourcecode.swift; path = AddedListViewController.swift; sourceTree = "<group>"; };
		52DEFC3F1E9A942300F058BC /* AddRegistryViewController.swift */ = {isa = PBXFileReference; lastKnownFileType = sourcecode.swift; path = AddRegistryViewController.swift; sourceTree = "<group>"; };
		52DEFC421E9A942300F058BC /* Base */ = {isa = PBXFileReference; lastKnownFileType = file.storyboard; name = Base; path = Base.lproj/Main.storyboard; sourceTree = "<group>"; };
		52DEFC441E9A942300F058BC /* Assets.xcassets */ = {isa = PBXFileReference; lastKnownFileType = folder.assetcatalog; path = Assets.xcassets; sourceTree = "<group>"; };
		52DEFC471E9A942300F058BC /* Base */ = {isa = PBXFileReference; lastKnownFileType = file.storyboard; name = Base; path = Base.lproj/LaunchScreen.storyboard; sourceTree = "<group>"; };
		52DEFC491E9A942300F058BC /* Info.plist */ = {isa = PBXFileReference; lastKnownFileType = text.plist.xml; path = Info.plist; sourceTree = "<group>"; };
		52DEFC4F1E9A981E00F058BC /* ru */ = {isa = PBXFileReference; lastKnownFileType = text.plist.strings; name = ru; path = ru.lproj/Main.strings; sourceTree = "<group>"; };
		52DEFC501E9A981E00F058BC /* ru */ = {isa = PBXFileReference; lastKnownFileType = text.plist.strings; name = ru; path = ru.lproj/LaunchScreen.strings; sourceTree = "<group>"; };
		52DEFC551E9AAD0F00F058BC /* RegistryModel.swift */ = {isa = PBXFileReference; fileEncoding = 4; lastKnownFileType = sourcecode.swift; path = RegistryModel.swift; sourceTree = "<group>"; };
		52DEFC571E9AAF6C00F058BC /* TimePeriod.swift */ = {isa = PBXFileReference; fileEncoding = 4; lastKnownFileType = sourcecode.swift; path = TimePeriod.swift; sourceTree = "<group>"; };
		B0ABFFDC178958251A40532E /* Pods_Registration.framework */ = {isa = PBXFileReference; explicitFileType = wrapper.framework; includeInIndex = 0; path = Pods_Registration.framework; sourceTree = BUILT_PRODUCTS_DIR; };
		B83305F5239196AE75757E1D /* DataService.swift */ = {isa = PBXFileReference; fileEncoding = 4; lastKnownFileType = sourcecode.swift; path = DataService.swift; sourceTree = "<group>"; };
/* End PBXFileReference section */

/* Begin PBXFrameworksBuildPhase section */
		52DEFC351E9A942300F058BC /* Frameworks */ = {
			isa = PBXFrameworksBuildPhase;
			buildActionMask = 2147483647;
			files = (
				A9777F4FFF6AF8FFF8D1CED3 /* Pods_Registration.framework in Frameworks */,
			);
			runOnlyForDeploymentPostprocessing = 0;
		};
/* End PBXFrameworksBuildPhase section */

/* Begin PBXGroup section */
		19CDFDF8824852E3AD0C0876 /* Pods */ = {
			isa = PBXGroup;
			children = (
				2765634FF44931DB9E881243 /* Pods-Registration.debug.xcconfig */,
				34CAB00F4AD2BECD7F83DBB9 /* Pods-Registration.release.xcconfig */,
			);
			name = Pods;
			sourceTree = "<group>";
		};
		52DEFC2F1E9A942200F058BC = {
			isa = PBXGroup;
			children = (
				52DEFC3A1E9A942300F058BC /* Registration */,
				52DEFC391E9A942300F058BC /* Products */,
				19CDFDF8824852E3AD0C0876 /* Pods */,
				D31AEF39F2C87D866F3BB32F /* Frameworks */,
			);
			sourceTree = "<group>";
		};
		52DEFC391E9A942300F058BC /* Products */ = {
			isa = PBXGroup;
			children = (
				52DEFC381E9A942300F058BC /* Registration.app */,
			);
			name = Products;
			sourceTree = "<group>";
		};
		52DEFC3A1E9A942300F058BC /* Registration */ = {
			isa = PBXGroup;
			children = (
				52DEFC3B1E9A942300F058BC /* AppDelegate.swift */,
				52DEFC541E9AA01100F058BC /* Model */,
				52DEFC521E9A9FEE00F058BC /* Controller */,
				52DEFC531E9A9FFC00F058BC /* View */,
				52DEFC491E9A942300F058BC /* Info.plist */,
			);
			path = Registration;
			sourceTree = "<group>";
		};
		52DEFC521E9A9FEE00F058BC /* Controller */ = {
			isa = PBXGroup;
			children = (
				52DEFC3D1E9A942300F058BC /* AddedListViewController.swift */,
				52DEFC3F1E9A942300F058BC /* AddRegistryViewController.swift */,
			);
			name = Controller;
			sourceTree = "<group>";
		};
		52DEFC531E9A9FFC00F058BC /* View */ = {
			isa = PBXGroup;
			children = (
				52DEFC411E9A942300F058BC /* Main.storyboard */,
				52DEFC441E9A942300F058BC /* Assets.xcassets */,
				52DEFC461E9A942300F058BC /* LaunchScreen.storyboard */,
			);
			name = View;
			sourceTree = "<group>";
		};
		52DEFC541E9AA01100F058BC /* Model */ = {
			isa = PBXGroup;
			children = (
				52DEFC551E9AAD0F00F058BC /* RegistryModel.swift */,
				52DEFC571E9AAF6C00F058BC /* TimePeriod.swift */,
				B8330D024DEC5DC20E816AE2 /* Services */,
			);
			name = Model;
			sourceTree = "<group>";
		};
		B8330D024DEC5DC20E816AE2 /* Services */ = {
			isa = PBXGroup;
			children = (
				B83305F5239196AE75757E1D /* DataService.swift */,
			);
			name = Services;
			sourceTree = "<group>";
		};
		D31AEF39F2C87D866F3BB32F /* Frameworks */ = {
			isa = PBXGroup;
			children = (
				B0ABFFDC178958251A40532E /* Pods_Registration.framework */,
			);
			name = Frameworks;
			sourceTree = "<group>";
		};
/* End PBXGroup section */

/* Begin PBXNativeTarget section */
		52DEFC371E9A942300F058BC /* Registration */ = {
			isa = PBXNativeTarget;
			buildConfigurationList = 52DEFC4C1E9A942300F058BC /* Build configuration list for PBXNativeTarget "Registration" */;
			buildPhases = (
				61C49E8E8A045A4D44071AC2 /* [CP] Check Pods Manifest.lock */,
				52DEFC341E9A942300F058BC /* Sources */,
				52DEFC351E9A942300F058BC /* Frameworks */,
				52DEFC361E9A942300F058BC /* Resources */,
				96F079FB16050D721E12F91C /* [CP] Embed Pods Frameworks */,
				436D216BCCC27579D7DA9B31 /* [CP] Copy Pods Resources */,
			);
			buildRules = (
			);
			dependencies = (
			);
			name = Registration;
			productName = Registration;
			productReference = 52DEFC381E9A942300F058BC /* Registration.app */;
			productType = "com.apple.product-type.application";
		};
/* End PBXNativeTarget section */

/* Begin PBXProject section */
		52DEFC301E9A942200F058BC /* Project object */ = {
			isa = PBXProject;
			attributes = {
				LastSwiftUpdateCheck = 0830;
				LastUpgradeCheck = 0830;
				ORGANIZATIONNAME = "Bulat Khabirov";
				TargetAttributes = {
					52DEFC371E9A942300F058BC = {
						CreatedOnToolsVersion = 8.3.1;
						DevelopmentTeam = 573CMG87Y9;
						ProvisioningStyle = Automatic;
					};
				};
			};
			buildConfigurationList = 52DEFC331E9A942200F058BC /* Build configuration list for PBXProject "Registration" */;
			compatibilityVersion = "Xcode 3.2";
			developmentRegion = English;
			hasScannedForEncodings = 0;
			knownRegions = (
				en,
				Base,
			);
			mainGroup = 52DEFC2F1E9A942200F058BC;
			productRefGroup = 52DEFC391E9A942300F058BC /* Products */;
			projectDirPath = "";
			projectRoot = "";
			targets = (
				52DEFC371E9A942300F058BC /* Registration */,
			);
		};
/* End PBXProject section */

/* Begin PBXResourcesBuildPhase section */
		52DEFC361E9A942300F058BC /* Resources */ = {
			isa = PBXResourcesBuildPhase;
			buildActionMask = 2147483647;
			files = (
				52DEFC481E9A942300F058BC /* LaunchScreen.storyboard in Resources */,
				52DEFC451E9A942300F058BC /* Assets.xcassets in Resources */,
				52DEFC431E9A942300F058BC /* Main.storyboard in Resources */,
			);
			runOnlyForDeploymentPostprocessing = 0;
		};
/* End PBXResourcesBuildPhase section */

/* Begin PBXShellScriptBuildPhase section */
		436D216BCCC27579D7DA9B31 /* [CP] Copy Pods Resources */ = {
			isa = PBXShellScriptBuildPhase;
			buildActionMask = 2147483647;
			files = (
			);
			inputPaths = (
			);
			name = "[CP] Copy Pods Resources";
			outputPaths = (
			);
			runOnlyForDeploymentPostprocessing = 0;
			shellPath = /bin/sh;
			shellScript = "\"${SRCROOT}/Pods/Target Support Files/Pods-Registration/Pods-Registration-resources.sh\"\n";
			showEnvVarsInLog = 0;
		};
		61C49E8E8A045A4D44071AC2 /* [CP] Check Pods Manifest.lock */ = {
			isa = PBXShellScriptBuildPhase;
			buildActionMask = 2147483647;
			files = (
			);
			inputPaths = (
			);
			name = "[CP] Check Pods Manifest.lock";
			outputPaths = (
			);
			runOnlyForDeploymentPostprocessing = 0;
			shellPath = /bin/sh;
			shellScript = "diff \"${PODS_ROOT}/../Podfile.lock\" \"${PODS_ROOT}/Manifest.lock\" > /dev/null\nif [ $? != 0 ] ; then\n    # print error to STDERR\n    echo \"error: The sandbox is not in sync with the Podfile.lock. Run 'pod install' or update your CocoaPods installation.\" >&2\n    exit 1\nfi\n";
			showEnvVarsInLog = 0;
		};
		96F079FB16050D721E12F91C /* [CP] Embed Pods Frameworks */ = {
			isa = PBXShellScriptBuildPhase;
			buildActionMask = 2147483647;
			files = (
			);
			inputPaths = (
			);
			name = "[CP] Embed Pods Frameworks";
			outputPaths = (
			);
			runOnlyForDeploymentPostprocessing = 0;
			shellPath = /bin/sh;
			shellScript = "\"${SRCROOT}/Pods/Target Support Files/Pods-Registration/Pods-Registration-frameworks.sh\"\n";
			showEnvVarsInLog = 0;
		};
/* End PBXShellScriptBuildPhase section */

/* Begin PBXSourcesBuildPhase section */
		52DEFC341E9A942300F058BC /* Sources */ = {
			isa = PBXSourcesBuildPhase;
			buildActionMask = 2147483647;
			files = (
				52DEFC561E9AAD0F00F058BC /* RegistryModel.swift in Sources */,
				52DEFC581E9AAF6C00F058BC /* TimePeriod.swift in Sources */,
				52DEFC401E9A942300F058BC /* AddRegistryViewController.swift in Sources */,
				52DEFC3C1E9A942300F058BC /* AppDelegate.swift in Sources */,
				52DEFC3E1E9A942300F058BC /* AddedListViewController.swift in Sources */,
				B8330D9B6ED289DBD725DA5C /* DataService.swift in Sources */,
			);
			runOnlyForDeploymentPostprocessing = 0;
		};
/* End PBXSourcesBuildPhase section */

/* Begin PBXVariantGroup section */
		52DEFC411E9A942300F058BC /* Main.storyboard */ = {
			isa = PBXVariantGroup;
			children = (
				52DEFC421E9A942300F058BC /* Base */,
				52DEFC4F1E9A981E00F058BC /* ru */,
			);
			name = Main.storyboard;
			sourceTree = "<group>";
		};
		52DEFC461E9A942300F058BC /* LaunchScreen.storyboard */ = {
			isa = PBXVariantGroup;
			children = (
				52DEFC471E9A942300F058BC /* Base */,
				52DEFC501E9A981E00F058BC /* ru */,
			);
			name = LaunchScreen.storyboard;
			sourceTree = "<group>";
		};
/* End PBXVariantGroup section */

/* Begin XCBuildConfiguration section */
		52DEFC4A1E9A942300F058BC /* Debug */ = {
			isa = XCBuildConfiguration;
			buildSettings = {
				ALWAYS_SEARCH_USER_PATHS = NO;
				CLANG_ANALYZER_LOCALIZABILITY_NONLOCALIZED = YES;
				CLANG_ANALYZER_NONNULL = YES;
				CLANG_ANALYZER_NUMBER_OBJECT_CONVERSION = YES_AGGRESSIVE;
				CLANG_CXX_LANGUAGE_STANDARD = "gnu++0x";
				CLANG_CXX_LIBRARY = "libc++";
				CLANG_ENABLE_MODULES = YES;
				CLANG_ENABLE_OBJC_ARC = YES;
				CLANG_WARN_BOOL_CONVERSION = YES;
				CLANG_WARN_CONSTANT_CONVERSION = YES;
				CLANG_WARN_DIRECT_OBJC_ISA_USAGE = YES_ERROR;
				CLANG_WARN_DOCUMENTATION_COMMENTS = YES;
				CLANG_WARN_EMPTY_BODY = YES;
				CLANG_WARN_ENUM_CONVERSION = YES;
				CLANG_WARN_INFINITE_RECURSION = YES;
				CLANG_WARN_INT_CONVERSION = YES;
				CLANG_WARN_OBJC_ROOT_CLASS = YES_ERROR;
				CLANG_WARN_SUSPICIOUS_MOVE = YES;
				CLANG_WARN_UNREACHABLE_CODE = YES;
				CLANG_WARN__DUPLICATE_METHOD_MATCH = YES;
				"CODE_SIGN_IDENTITY[sdk=iphoneos*]" = "iPhone Developer";
				COPY_PHASE_STRIP = NO;
				DEBUG_INFORMATION_FORMAT = dwarf;
				ENABLE_STRICT_OBJC_MSGSEND = YES;
				ENABLE_TESTABILITY = YES;
				GCC_C_LANGUAGE_STANDARD = gnu99;
				GCC_DYNAMIC_NO_PIC = NO;
				GCC_NO_COMMON_BLOCKS = YES;
				GCC_OPTIMIZATION_LEVEL = 0;
				GCC_PREPROCESSOR_DEFINITIONS = (
					"DEBUG=1",
					"$(inherited)",
				);
				GCC_WARN_64_TO_32_BIT_CONVERSION = YES;
				GCC_WARN_ABOUT_RETURN_TYPE = YES_ERROR;
				GCC_WARN_UNDECLARED_SELECTOR = YES;
				GCC_WARN_UNINITIALIZED_AUTOS = YES_AGGRESSIVE;
				GCC_WARN_UNUSED_FUNCTION = YES;
				GCC_WARN_UNUSED_VARIABLE = YES;
				IPHONEOS_DEPLOYMENT_TARGET = 10.3;
				MTL_ENABLE_DEBUG_INFO = YES;
				ONLY_ACTIVE_ARCH = YES;
				SDKROOT = iphoneos;
				SWIFT_ACTIVE_COMPILATION_CONDITIONS = DEBUG;
				SWIFT_OPTIMIZATION_LEVEL = "-Onone";
				TARGETED_DEVICE_FAMILY = "1,2";
			};
			name = Debug;
		};
		52DEFC4B1E9A942300F058BC /* Release */ = {
			isa = XCBuildConfiguration;
			buildSettings = {
				ALWAYS_SEARCH_USER_PATHS = NO;
				CLANG_ANALYZER_LOCALIZABILITY_NONLOCALIZED = YES;
				CLANG_ANALYZER_NONNULL = YES;
				CLANG_ANALYZER_NUMBER_OBJECT_CONVERSION = YES_AGGRESSIVE;
				CLANG_CXX_LANGUAGE_STANDARD = "gnu++0x";
				CLANG_CXX_LIBRARY = "libc++";
				CLANG_ENABLE_MODULES = YES;
				CLANG_ENABLE_OBJC_ARC = YES;
				CLANG_WARN_BOOL_CONVERSION = YES;
				CLANG_WARN_CONSTANT_CONVERSION = YES;
				CLANG_WARN_DIRECT_OBJC_ISA_USAGE = YES_ERROR;
				CLANG_WARN_DOCUMENTATION_COMMENTS = YES;
				CLANG_WARN_EMPTY_BODY = YES;
				CLANG_WARN_ENUM_CONVERSION = YES;
				CLANG_WARN_INFINITE_RECURSION = YES;
				CLANG_WARN_INT_CONVERSION = YES;
				CLANG_WARN_OBJC_ROOT_CLASS = YES_ERROR;
				CLANG_WARN_SUSPICIOUS_MOVE = YES;
				CLANG_WARN_UNREACHABLE_CODE = YES;
				CLANG_WARN__DUPLICATE_METHOD_MATCH = YES;
				"CODE_SIGN_IDENTITY[sdk=iphoneos*]" = "iPhone Developer";
				COPY_PHASE_STRIP = NO;
				DEBUG_INFORMATION_FORMAT = "dwarf-with-dsym";
				ENABLE_NS_ASSERTIONS = NO;
				ENABLE_STRICT_OBJC_MSGSEND = YES;
				GCC_C_LANGUAGE_STANDARD = gnu99;
				GCC_NO_COMMON_BLOCKS = YES;
				GCC_WARN_64_TO_32_BIT_CONVERSION = YES;
				GCC_WARN_ABOUT_RETURN_TYPE = YES_ERROR;
				GCC_WARN_UNDECLARED_SELECTOR = YES;
				GCC_WARN_UNINITIALIZED_AUTOS = YES_AGGRESSIVE;
				GCC_WARN_UNUSED_FUNCTION = YES;
				GCC_WARN_UNUSED_VARIABLE = YES;
				IPHONEOS_DEPLOYMENT_TARGET = 10.3;
				MTL_ENABLE_DEBUG_INFO = NO;
				SDKROOT = iphoneos;
				SWIFT_OPTIMIZATION_LEVEL = "-Owholemodule";
				TARGETED_DEVICE_FAMILY = "1,2";
				VALIDATE_PRODUCT = YES;
			};
			name = Release;
		};
		52DEFC4D1E9A942300F058BC /* Debug */ = {
			isa = XCBuildConfiguration;
			baseConfigurationReference = 2765634FF44931DB9E881243 /* Pods-Registration.debug.xcconfig */;
			buildSettings = {
				ASSETCATALOG_COMPILER_APPICON_NAME = AppIcon;
				DEVELOPMENT_TEAM = 573CMG87Y9;
				INFOPLIST_FILE = Registration/Info.plist;
				IPHONEOS_DEPLOYMENT_TARGET = 9.0;
				LD_RUNPATH_SEARCH_PATHS = "$(inherited) @executable_path/Frameworks";
				PRODUCT_BUNDLE_IDENTIFIER = BK.Registration;
				PRODUCT_NAME = "$(TARGET_NAME)";
				SWIFT_VERSION = 3.0;
			};
			name = Debug;
		};
		52DEFC4E1E9A942300F058BC /* Release */ = {
			isa = XCBuildConfiguration;
			baseConfigurationReference = 34CAB00F4AD2BECD7F83DBB9 /* Pods-Registration.release.xcconfig */;
			buildSettings = {
				ASSETCATALOG_COMPILER_APPICON_NAME = AppIcon;
				DEVELOPMENT_TEAM = 573CMG87Y9;
				INFOPLIST_FILE = Registration/Info.plist;
				IPHONEOS_DEPLOYMENT_TARGET = 9.0;
				LD_RUNPATH_SEARCH_PATHS = "$(inherited) @executable_path/Frameworks";
				PRODUCT_BUNDLE_IDENTIFIER = BK.Registration;
				PRODUCT_NAME = "$(TARGET_NAME)";
				SWIFT_VERSION = 3.0;
			};
			name = Release;
		};
/* End XCBuildConfiguration section */

/* Begin XCConfigurationList section */
		52DEFC331E9A942200F058BC /* Build configuration list for PBXProject "Registration" */ = {
			isa = XCConfigurationList;
			buildConfigurations = (
				52DEFC4A1E9A942300F058BC /* Debug */,
				52DEFC4B1E9A942300F058BC /* Release */,
			);
			defaultConfigurationIsVisible = 0;
			defaultConfigurationName = Release;
		};
		52DEFC4C1E9A942300F058BC /* Build configuration list for PBXNativeTarget "Registration" */ = {
			isa = XCConfigurationList;
			buildConfigurations = (
				52DEFC4D1E9A942300F058BC /* Debug */,
				52DEFC4E1E9A942300F058BC /* Release */,
			);
			defaultConfigurationIsVisible = 0;
			defaultConfigurationName = Release;
		};
/* End XCConfigurationList section */
	};
	rootObject = 52DEFC301E9A942200F058BC /* Project object */;
}
